
Microsoft Visual Studio Solution File, Format Version 12.00
# Visual Studio Version 17
VisualStudioVersion = 17.4.33122.133
MinimumVisualStudioVersion = 10.0.40219.1
Project("{9A19103F-16F7-4668-BE54-9A1E7A4F7556}") = "ArduinoReader", "ArduinoReader\ArduinoReader.csproj", "{5169DF92-471E-4BED-B926-0231B13D3559}"
EndProject
Project("{9A19103F-16F7-4668-BE54-9A1E7A4F7556}") = "ArduinoReader.Models", "ArduioReader.Models\ArduinoReader.Models.csproj", "{B9ED4DDD-E697-4A0B-BF5A-06E60D81C466}"
EndProject
Project("{FAE04EC0-301F-11D3-BF4B-00C04F79EFBC}") = "ArduinoReader.Repository", "ArduinoReader.Repository\ArduinoReader.Repository.csproj", "{8A23585E-31A3-4D58-A644-2AA1EF13D216}"
EndProject
Global
	GlobalSection(SolutionConfigurationPlatforms) = preSolution
		Debug|Any CPU = Debug|Any CPU
		Release|Any CPU = Release|Any CPU
	EndGlobalSection
	GlobalSection(ProjectConfigurationPlatforms) = postSolution
		{5169DF92-471E-4BED-B926-0231B13D3559}.Debug|Any CPU.ActiveCfg = Debug|Any CPU
		{5169DF92-471E-4BED-B926-0231B13D3559}.Debug|Any CPU.Build.0 = Debug|Any CPU
		{5169DF92-471E-4BED-B926-0231B13D3559}.Release|Any CPU.ActiveCfg = Release|Any CPU
		{5169DF92-471E-4BED-B926-0231B13D3559}.Release|Any CPU.Build.0 = Release|Any CPU
		{B9ED4DDD-E697-4A0B-BF5A-06E60D81C466}.Debug|Any CPU.ActiveCfg = Debug|Any CPU
		{B9ED4DDD-E697-4A0B-BF5A-06E60D81C466}.Debug|Any CPU.Build.0 = Debug|Any CPU
		{B9ED4DDD-E697-4A0B-BF5A-06E60D81C466}.Release|Any CPU.ActiveCfg = Release|Any CPU
		{B9ED4DDD-E697-4A0B-BF5A-06E60D81C466}.Release|Any CPU.Build.0 = Release|Any CPU
		{8A23585E-31A3-4D58-A644-2AA1EF13D216}.Debug|Any CPU.ActiveCfg = Debug|Any CPU
		{8A23585E-31A3-4D58-A644-2AA1EF13D216}.Debug|Any CPU.Build.0 = Debug|Any CPU
		{8A23585E-31A3-4D58-A644-2AA1EF13D216}.Release|Any CPU.ActiveCfg = Release|Any CPU
		{8A23585E-31A3-4D58-A644-2AA1EF13D216}.Release|Any CPU.Build.0 = Release|Any CPU
	EndGlobalSection
	GlobalSection(SolutionProperties) = preSolution
		HideSolutionNode = FALSE
	EndGlobalSection
	GlobalSection(ExtensibilityGlobals) = postSolution
		SolutionGuid = {62034F8E-7606-4284-8729-FD2EECD3B0AA}
	EndGlobalSection
EndGlobal
